// !$*UTF8*$!
{
	archiveVersion = 1;
	classes = {
	};
	objectVersion = 56;
	objects = {

/* Begin PBXBuildFile section */
		0DB11F5428DF629A00B51F33 /* AppDelegate.swift in Sources */ = {isa = PBXBuildFile; fileRef = 0DB11F5328DF629A00B51F33 /* AppDelegate.swift */; };
		0DB11F5628DF629A00B51F33 /* SceneDelegate.swift in Sources */ = {isa = PBXBuildFile; fileRef = 0DB11F5528DF629A00B51F33 /* SceneDelegate.swift */; };
		0DB11F5D28DF629B00B51F33 /* Assets.xcassets in Resources */ = {isa = PBXBuildFile; fileRef = 0DB11F5C28DF629B00B51F33 /* Assets.xcassets */; };
		0DB11F6028DF629B00B51F33 /* LaunchScreen.storyboard in Resources */ = {isa = PBXBuildFile; fileRef = 0DB11F5E28DF629B00B51F33 /* LaunchScreen.storyboard */; };
		0DB11F6A28DF63F400B51F33 /* UIView+Ext.swift in Sources */ = {isa = PBXBuildFile; fileRef = 0DB11F6928DF63F400B51F33 /* UIView+Ext.swift */; };
		0DB11F6C28DF640F00B51F33 /* UITableView+Ext.swift in Sources */ = {isa = PBXBuildFile; fileRef = 0DB11F6B28DF640F00B51F33 /* UITableView+Ext.swift */; };
		0DB11F6E28DF642C00B51F33 /* UIViewController+Ext.swift in Sources */ = {isa = PBXBuildFile; fileRef = 0DB11F6D28DF642C00B51F33 /* UIViewController+Ext.swift */; };
		0DB11F7128DF645900B51F33 /* Constants.swift in Sources */ = {isa = PBXBuildFile; fileRef = 0DB11F7028DF645900B51F33 /* Constants.swift */; };
		0DB11F7328DF647900B51F33 /* CYError.swift in Sources */ = {isa = PBXBuildFile; fileRef = 0DB11F7228DF647900B51F33 /* CYError.swift */; };
		0DB11F7628DF64CA00B51F33 /* NetworkManager.swift in Sources */ = {isa = PBXBuildFile; fileRef = 0DB11F7528DF64CA00B51F33 /* NetworkManager.swift */; };
		0DB11F7A28DF650700B51F33 /* Category.swift in Sources */ = {isa = PBXBuildFile; fileRef = 0DB11F7928DF650700B51F33 /* Category.swift */; };
		0DB11F7C28DF652E00B51F33 /* Cocktail.swift in Sources */ = {isa = PBXBuildFile; fileRef = 0DB11F7B28DF652E00B51F33 /* Cocktail.swift */; };
		0DB11F8128DF65C000B51F33 /* SearchVC.swift in Sources */ = {isa = PBXBuildFile; fileRef = 0DB11F8028DF65C000B51F33 /* SearchVC.swift */; };
		0DB11F8328DF65DC00B51F33 /* CategoriesListVC.swift in Sources */ = {isa = PBXBuildFile; fileRef = 0DB11F8228DF65DC00B51F33 /* CategoriesListVC.swift */; };
		0DB11F8528DF660100B51F33 /* FavoritesListVC.swift in Sources */ = {isa = PBXBuildFile; fileRef = 0DB11F8428DF660100B51F33 /* FavoritesListVC.swift */; };
		0DB11F8728DF661E00B51F33 /* CocktailsListCV.swift in Sources */ = {isa = PBXBuildFile; fileRef = 0DB11F8628DF661E00B51F33 /* CocktailsListCV.swift */; };
		0DB11F8928DF664B00B51F33 /* CYEmptyStateView.swift in Sources */ = {isa = PBXBuildFile; fileRef = 0DB11F8828DF664B00B51F33 /* CYEmptyStateView.swift */; };
		0DB11F8B28DF666000B51F33 /* CYAlertContainerView.swift in Sources */ = {isa = PBXBuildFile; fileRef = 0DB11F8A28DF666000B51F33 /* CYAlertContainerView.swift */; };
		0DB11F8E28DF668B00B51F33 /* CYAlertVC.swift in Sources */ = {isa = PBXBuildFile; fileRef = 0DB11F8D28DF668B00B51F33 /* CYAlertVC.swift */; };
		0DB11F9028DF66B100B51F33 /* CYDataLoadingVC.swift in Sources */ = {isa = PBXBuildFile; fileRef = 0DB11F8F28DF66B100B51F33 /* CYDataLoadingVC.swift */; };
		0DB11F9328DF66E100B51F33 /* CYImageView.swift in Sources */ = {isa = PBXBuildFile; fileRef = 0DB11F9228DF66E100B51F33 /* CYImageView.swift */; };
		0DB11F9628DF671200B51F33 /* CYTextField.swift in Sources */ = {isa = PBXBuildFile; fileRef = 0DB11F9528DF671200B51F33 /* CYTextField.swift */; };
		0DB11F9B28DF674600B51F33 /* CYButton.swift in Sources */ = {isa = PBXBuildFile; fileRef = 0DB11F9A28DF674600B51F33 /* CYButton.swift */; };
		0DB11F9D28DF677B00B51F33 /* CYTabBarController.swift in Sources */ = {isa = PBXBuildFile; fileRef = 0DB11F9C28DF677B00B51F33 /* CYTabBarController.swift */; };
		0DB11F9F28DF67A400B51F33 /* CYSecondaryTitleLabel.swift in Sources */ = {isa = PBXBuildFile; fileRef = 0DB11F9E28DF67A400B51F33 /* CYSecondaryTitleLabel.swift */; };
		0DB11FA128DF67EF00B51F33 /* CYBodyLabel.swift in Sources */ = {isa = PBXBuildFile; fileRef = 0DB11FA028DF67EF00B51F33 /* CYBodyLabel.swift */; };
		0DB11FA328DF680000B51F33 /* CYTitleLabel.swift in Sources */ = {isa = PBXBuildFile; fileRef = 0DB11FA228DF680000B51F33 /* CYTitleLabel.swift */; };
/* End PBXBuildFile section */

/* Begin PBXFileReference section */
		0DB11F5028DF629A00B51F33 /* Cocktailsy.app */ = {isa = PBXFileReference; explicitFileType = wrapper.application; includeInIndex = 0; path = Cocktailsy.app; sourceTree = BUILT_PRODUCTS_DIR; };
		0DB11F5328DF629A00B51F33 /* AppDelegate.swift */ = {isa = PBXFileReference; lastKnownFileType = sourcecode.swift; path = AppDelegate.swift; sourceTree = "<group>"; };
		0DB11F5528DF629A00B51F33 /* SceneDelegate.swift */ = {isa = PBXFileReference; lastKnownFileType = sourcecode.swift; path = SceneDelegate.swift; sourceTree = "<group>"; };
		0DB11F5C28DF629B00B51F33 /* Assets.xcassets */ = {isa = PBXFileReference; lastKnownFileType = folder.assetcatalog; path = Assets.xcassets; sourceTree = "<group>"; };
		0DB11F5F28DF629B00B51F33 /* Base */ = {isa = PBXFileReference; lastKnownFileType = file.storyboard; name = Base; path = Base.lproj/LaunchScreen.storyboard; sourceTree = "<group>"; };
		0DB11F6128DF629B00B51F33 /* Info.plist */ = {isa = PBXFileReference; lastKnownFileType = text.plist.xml; path = Info.plist; sourceTree = "<group>"; };
		0DB11F6928DF63F400B51F33 /* UIView+Ext.swift */ = {isa = PBXFileReference; lastKnownFileType = sourcecode.swift; path = "UIView+Ext.swift"; sourceTree = "<group>"; };
		0DB11F6B28DF640F00B51F33 /* UITableView+Ext.swift */ = {isa = PBXFileReference; lastKnownFileType = sourcecode.swift; path = "UITableView+Ext.swift"; sourceTree = "<group>"; };
		0DB11F6D28DF642C00B51F33 /* UIViewController+Ext.swift */ = {isa = PBXFileReference; lastKnownFileType = sourcecode.swift; path = "UIViewController+Ext.swift"; sourceTree = "<group>"; };
		0DB11F7028DF645900B51F33 /* Constants.swift */ = {isa = PBXFileReference; lastKnownFileType = sourcecode.swift; path = Constants.swift; sourceTree = "<group>"; };
		0DB11F7228DF647900B51F33 /* CYError.swift */ = {isa = PBXFileReference; lastKnownFileType = sourcecode.swift; path = CYError.swift; sourceTree = "<group>"; };
		0DB11F7528DF64CA00B51F33 /* NetworkManager.swift */ = {isa = PBXFileReference; lastKnownFileType = sourcecode.swift; path = NetworkManager.swift; sourceTree = "<group>"; };
		0DB11F7928DF650700B51F33 /* Category.swift */ = {isa = PBXFileReference; lastKnownFileType = sourcecode.swift; path = Category.swift; sourceTree = "<group>"; };
		0DB11F7B28DF652E00B51F33 /* Cocktail.swift */ = {isa = PBXFileReference; lastKnownFileType = sourcecode.swift; path = Cocktail.swift; sourceTree = "<group>"; };
		0DB11F8028DF65C000B51F33 /* SearchVC.swift */ = {isa = PBXFileReference; lastKnownFileType = sourcecode.swift; path = SearchVC.swift; sourceTree = "<group>"; };
		0DB11F8228DF65DC00B51F33 /* CategoriesListVC.swift */ = {isa = PBXFileReference; lastKnownFileType = sourcecode.swift; path = CategoriesListVC.swift; sourceTree = "<group>"; };
		0DB11F8428DF660100B51F33 /* FavoritesListVC.swift */ = {isa = PBXFileReference; lastKnownFileType = sourcecode.swift; path = FavoritesListVC.swift; sourceTree = "<group>"; };
		0DB11F8628DF661E00B51F33 /* CocktailsListCV.swift */ = {isa = PBXFileReference; lastKnownFileType = sourcecode.swift; path = CocktailsListCV.swift; sourceTree = "<group>"; };
		0DB11F8828DF664B00B51F33 /* CYEmptyStateView.swift */ = {isa = PBXFileReference; lastKnownFileType = sourcecode.swift; path = CYEmptyStateView.swift; sourceTree = "<group>"; };
		0DB11F8A28DF666000B51F33 /* CYAlertContainerView.swift */ = {isa = PBXFileReference; lastKnownFileType = sourcecode.swift; path = CYAlertContainerView.swift; sourceTree = "<group>"; };
		0DB11F8D28DF668B00B51F33 /* CYAlertVC.swift */ = {isa = PBXFileReference; lastKnownFileType = sourcecode.swift; path = CYAlertVC.swift; sourceTree = "<group>"; };
		0DB11F8F28DF66B100B51F33 /* CYDataLoadingVC.swift */ = {isa = PBXFileReference; lastKnownFileType = sourcecode.swift; path = CYDataLoadingVC.swift; sourceTree = "<group>"; };
		0DB11F9228DF66E100B51F33 /* CYImageView.swift */ = {isa = PBXFileReference; lastKnownFileType = sourcecode.swift; path = CYImageView.swift; sourceTree = "<group>"; };
		0DB11F9528DF671200B51F33 /* CYTextField.swift */ = {isa = PBXFileReference; lastKnownFileType = sourcecode.swift; path = CYTextField.swift; sourceTree = "<group>"; };
		0DB11F9A28DF674600B51F33 /* CYButton.swift */ = {isa = PBXFileReference; lastKnownFileType = sourcecode.swift; path = CYButton.swift; sourceTree = "<group>"; };
		0DB11F9C28DF677B00B51F33 /* CYTabBarController.swift */ = {isa = PBXFileReference; lastKnownFileType = sourcecode.swift; path = CYTabBarController.swift; sourceTree = "<group>"; };
		0DB11F9E28DF67A400B51F33 /* CYSecondaryTitleLabel.swift */ = {isa = PBXFileReference; lastKnownFileType = sourcecode.swift; path = CYSecondaryTitleLabel.swift; sourceTree = "<group>"; };
		0DB11FA028DF67EF00B51F33 /* CYBodyLabel.swift */ = {isa = PBXFileReference; lastKnownFileType = sourcecode.swift; path = CYBodyLabel.swift; sourceTree = "<group>"; };
		0DB11FA228DF680000B51F33 /* CYTitleLabel.swift */ = {isa = PBXFileReference; lastKnownFileType = sourcecode.swift; path = CYTitleLabel.swift; sourceTree = "<group>"; };
/* End PBXFileReference section */

/* Begin PBXFrameworksBuildPhase section */
		0DB11F4D28DF629A00B51F33 /* Frameworks */ = {
			isa = PBXFrameworksBuildPhase;
			buildActionMask = 2147483647;
			files = (
			);
			runOnlyForDeploymentPostprocessing = 0;
		};
/* End PBXFrameworksBuildPhase section */

/* Begin PBXGroup section */
		0DB11F4728DF629A00B51F33 = {
			isa = PBXGroup;
			children = (
				0DB11F5228DF629A00B51F33 /* Cocktailsy */,
				0DB11F5128DF629A00B51F33 /* Products */,
			);
			sourceTree = "<group>";
		};
		0DB11F5128DF629A00B51F33 /* Products */ = {
			isa = PBXGroup;
			children = (
				0DB11F5028DF629A00B51F33 /* Cocktailsy.app */,
			);
			name = Products;
			sourceTree = "<group>";
		};
		0DB11F5228DF629A00B51F33 /* Cocktailsy */ = {
			isa = PBXGroup;
			children = (
				0DB11F6728DF634000B51F33 /* Support */,
				0DB11F6828DF63CF00B51F33 /* Extension */,
				0DB11F6F28DF644000B51F33 /* Utilities */,
				0DB11F7428DF64A200B51F33 /* Manager */,
				0DB11F7828DF64F000B51F33 /* Model */,
				0DB11F7E28DF656300B51F33 /* Custom Views */,
				0DB11F7F28DF657D00B51F33 /* Screens */,
				0DB11F6128DF629B00B51F33 /* Info.plist */,
			);
			path = Cocktailsy;
			sourceTree = "<group>";
		};
		0DB11F6728DF634000B51F33 /* Support */ = {
			isa = PBXGroup;
			children = (
				0DB11F5328DF629A00B51F33 /* AppDelegate.swift */,
				0DB11F5528DF629A00B51F33 /* SceneDelegate.swift */,
				0DB11F5C28DF629B00B51F33 /* Assets.xcassets */,
				0DB11F5E28DF629B00B51F33 /* LaunchScreen.storyboard */,
			);
			path = Support;
			sourceTree = "<group>";
		};
		0DB11F6828DF63CF00B51F33 /* Extension */ = {
			isa = PBXGroup;
			children = (
				0DB11F6928DF63F400B51F33 /* UIView+Ext.swift */,
				0DB11F6B28DF640F00B51F33 /* UITableView+Ext.swift */,
				0DB11F6D28DF642C00B51F33 /* UIViewController+Ext.swift */,
			);
			path = Extension;
			sourceTree = "<group>";
		};
		0DB11F6F28DF644000B51F33 /* Utilities */ = {
			isa = PBXGroup;
			children = (
				0DB11F7028DF645900B51F33 /* Constants.swift */,
				0DB11F7228DF647900B51F33 /* CYError.swift */,
			);
			path = Utilities;
			sourceTree = "<group>";
		};
		0DB11F7428DF64A200B51F33 /* Manager */ = {
			isa = PBXGroup;
			children = (
				0DB11F7528DF64CA00B51F33 /* NetworkManager.swift */,
			);
			path = Manager;
			sourceTree = "<group>";
		};
		0DB11F7828DF64F000B51F33 /* Model */ = {
			isa = PBXGroup;
			children = (
				0DB11F7928DF650700B51F33 /* Category.swift */,
				0DB11F7B28DF652E00B51F33 /* Cocktail.swift */,
			);
			path = Model;
			sourceTree = "<group>";
		};
		0DB11F7D28DF655700B51F33 /* Views */ = {
			isa = PBXGroup;
			children = (
				0DB11F8828DF664B00B51F33 /* CYEmptyStateView.swift */,
				0DB11F8A28DF666000B51F33 /* CYAlertContainerView.swift */,
			);
			path = Views;
			sourceTree = "<group>";
		};
		0DB11F7E28DF656300B51F33 /* Custom Views */ = {
			isa = PBXGroup;
			children = (
				0DB11F9928DF672F00B51F33 /* TabBarControllers */,
				0DB11F9828DF672800B51F33 /* Labels */,
				0DB11F9728DF672000B51F33 /* Buttons */,
				0DB11F9428DF66FA00B51F33 /* TextFields */,
				0DB11F9128DF66C400B51F33 /* ImageViews */,
				0DB11F8C28DF667400B51F33 /* ViewControllers */,
				0DB11F7D28DF655700B51F33 /* Views */,
			);
			path = "Custom Views";
			sourceTree = "<group>";
		};
		0DB11F7F28DF657D00B51F33 /* Screens */ = {
			isa = PBXGroup;
			children = (
				0DB11F8028DF65C000B51F33 /* SearchVC.swift */,
				0DB11F8228DF65DC00B51F33 /* CategoriesListVC.swift */,
				0DB11F8428DF660100B51F33 /* FavoritesListVC.swift */,
				0DB11F8628DF661E00B51F33 /* CocktailsListCV.swift */,
			);
			path = Screens;
			sourceTree = "<group>";
		};
		0DB11F8C28DF667400B51F33 /* ViewControllers */ = {
			isa = PBXGroup;
			children = (
				0DB11F8D28DF668B00B51F33 /* CYAlertVC.swift */,
				0DB11F8F28DF66B100B51F33 /* CYDataLoadingVC.swift */,
			);
			path = ViewControllers;
			sourceTree = "<group>";
		};
		0DB11F9128DF66C400B51F33 /* ImageViews */ = {
			isa = PBXGroup;
			children = (
				0DB11F9228DF66E100B51F33 /* CYImageView.swift */,
			);
			path = ImageViews;
			sourceTree = "<group>";
		};
		0DB11F9428DF66FA00B51F33 /* TextFields */ = {
			isa = PBXGroup;
			children = (
				0DB11F9528DF671200B51F33 /* CYTextField.swift */,
			);
			path = TextFields;
			sourceTree = "<group>";
		};
		0DB11F9728DF672000B51F33 /* Buttons */ = {
			isa = PBXGroup;
			children = (
				0DB11F9A28DF674600B51F33 /* CYButton.swift */,
			);
			path = Buttons;
			sourceTree = "<group>";
		};
		0DB11F9828DF672800B51F33 /* Labels */ = {
			isa = PBXGroup;
			children = (
				0DB11F9E28DF67A400B51F33 /* CYSecondaryTitleLabel.swift */,
				0DB11FA028DF67EF00B51F33 /* CYBodyLabel.swift */,
				0DB11FA228DF680000B51F33 /* CYTitleLabel.swift */,
			);
			path = Labels;
			sourceTree = "<group>";
		};
		0DB11F9928DF672F00B51F33 /* TabBarControllers */ = {
			isa = PBXGroup;
			children = (
				0DB11F9C28DF677B00B51F33 /* CYTabBarController.swift */,
			);
			path = TabBarControllers;
			sourceTree = "<group>";
		};
/* End PBXGroup section */

/* Begin PBXNativeTarget section */
		0DB11F4F28DF629A00B51F33 /* Cocktailsy */ = {
			isa = PBXNativeTarget;
			buildConfigurationList = 0DB11F6428DF629B00B51F33 /* Build configuration list for PBXNativeTarget "Cocktailsy" */;
			buildPhases = (
				0DB11F4C28DF629A00B51F33 /* Sources */,
				0DB11F4D28DF629A00B51F33 /* Frameworks */,
				0DB11F4E28DF629A00B51F33 /* Resources */,
			);
			buildRules = (
			);
			dependencies = (
			);
			name = Cocktailsy;
			productName = Cocktailsy;
			productReference = 0DB11F5028DF629A00B51F33 /* Cocktailsy.app */;
			productType = "com.apple.product-type.application";
		};
/* End PBXNativeTarget section */

/* Begin PBXProject section */
		0DB11F4828DF629A00B51F33 /* Project object */ = {
			isa = PBXProject;
			attributes = {
				BuildIndependentTargetsInParallel = 1;
				LastSwiftUpdateCheck = 1400;
				LastUpgradeCheck = 1400;
				TargetAttributes = {
					0DB11F4F28DF629A00B51F33 = {
						CreatedOnToolsVersion = 14.0;
					};
				};
			};
			buildConfigurationList = 0DB11F4B28DF629A00B51F33 /* Build configuration list for PBXProject "Cocktailsy" */;
			compatibilityVersion = "Xcode 14.0";
			developmentRegion = en;
			hasScannedForEncodings = 0;
			knownRegions = (
				en,
				Base,
			);
			mainGroup = 0DB11F4728DF629A00B51F33;
			productRefGroup = 0DB11F5128DF629A00B51F33 /* Products */;
			projectDirPath = "";
			projectRoot = "";
			targets = (
				0DB11F4F28DF629A00B51F33 /* Cocktailsy */,
			);
		};
/* End PBXProject section */

/* Begin PBXResourcesBuildPhase section */
		0DB11F4E28DF629A00B51F33 /* Resources */ = {
			isa = PBXResourcesBuildPhase;
			buildActionMask = 2147483647;
			files = (
				0DB11F6028DF629B00B51F33 /* LaunchScreen.storyboard in Resources */,
				0DB11F5D28DF629B00B51F33 /* Assets.xcassets in Resources */,
			);
			runOnlyForDeploymentPostprocessing = 0;
		};
/* End PBXResourcesBuildPhase section */

/* Begin PBXSourcesBuildPhase section */
		0DB11F4C28DF629A00B51F33 /* Sources */ = {
			isa = PBXSourcesBuildPhase;
			buildActionMask = 2147483647;
			files = (
				0DB11F8528DF660100B51F33 /* FavoritesListVC.swift in Sources */,
				0DB11F8328DF65DC00B51F33 /* CategoriesListVC.swift in Sources */,
				0DB11F7328DF647900B51F33 /* CYError.swift in Sources */,
				0DB11F8128DF65C000B51F33 /* SearchVC.swift in Sources */,
				0DB11F8928DF664B00B51F33 /* CYEmptyStateView.swift in Sources */,
				0DB11FA328DF680000B51F33 /* CYTitleLabel.swift in Sources */,
				0DB11F9328DF66E100B51F33 /* CYImageView.swift in Sources */,
				0DB11FA128DF67EF00B51F33 /* CYBodyLabel.swift in Sources */,
				0DB11F5428DF629A00B51F33 /* AppDelegate.swift in Sources */,
				0DB11F6C28DF640F00B51F33 /* UITableView+Ext.swift in Sources */,
				0DB11F8B28DF666000B51F33 /* CYAlertContainerView.swift in Sources */,
				0DB11F8728DF661E00B51F33 /* CocktailsListCV.swift in Sources */,
				0DB11F7C28DF652E00B51F33 /* Cocktail.swift in Sources */,
				0DB11F6E28DF642C00B51F33 /* UIViewController+Ext.swift in Sources */,
				0DB11F8E28DF668B00B51F33 /* CYAlertVC.swift in Sources */,
				0DB11F7628DF64CA00B51F33 /* NetworkManager.swift in Sources */,
				0DB11F9028DF66B100B51F33 /* CYDataLoadingVC.swift in Sources */,
				0DB11F9F28DF67A400B51F33 /* CYSecondaryTitleLabel.swift in Sources */,
				0DB11F7A28DF650700B51F33 /* Category.swift in Sources */,
				0DB11F5628DF629A00B51F33 /* SceneDelegate.swift in Sources */,
				0DB11F9D28DF677B00B51F33 /* CYTabBarController.swift in Sources */,
				0DB11F9628DF671200B51F33 /* CYTextField.swift in Sources */,
				0DB11F6A28DF63F400B51F33 /* UIView+Ext.swift in Sources */,
				0DB11F7128DF645900B51F33 /* Constants.swift in Sources */,
				0DB11F9B28DF674600B51F33 /* CYButton.swift in Sources */,
			);
			runOnlyForDeploymentPostprocessing = 0;
		};
/* End PBXSourcesBuildPhase section */

/* Begin PBXVariantGroup section */
		0DB11F5E28DF629B00B51F33 /* LaunchScreen.storyboard */ = {
			isa = PBXVariantGroup;
			children = (
				0DB11F5F28DF629B00B51F33 /* Base */,
			);
			name = LaunchScreen.storyboard;
			sourceTree = "<group>";
		};
/* End PBXVariantGroup section */

/* Begin XCBuildConfiguration section */
		0DB11F6228DF629B00B51F33 /* Debug */ = {
			isa = XCBuildConfiguration;
			buildSettings = {
				ALWAYS_SEARCH_USER_PATHS = NO;
				CLANG_ANALYZER_NONNULL = YES;
				CLANG_ANALYZER_NUMBER_OBJECT_CONVERSION = YES_AGGRESSIVE;
				CLANG_CXX_LANGUAGE_STANDARD = "gnu++20";
				CLANG_ENABLE_MODULES = YES;
				CLANG_ENABLE_OBJC_ARC = YES;
				CLANG_ENABLE_OBJC_WEAK = YES;
				CLANG_WARN_BLOCK_CAPTURE_AUTORELEASING = YES;
				CLANG_WARN_BOOL_CONVERSION = YES;
				CLANG_WARN_COMMA = YES;
				CLANG_WARN_CONSTANT_CONVERSION = YES;
				CLANG_WARN_DEPRECATED_OBJC_IMPLEMENTATIONS = YES;
				CLANG_WARN_DIRECT_OBJC_ISA_USAGE = YES_ERROR;
				CLANG_WARN_DOCUMENTATION_COMMENTS = YES;
				CLANG_WARN_EMPTY_BODY = YES;
				CLANG_WARN_ENUM_CONVERSION = YES;
				CLANG_WARN_INFINITE_RECURSION = YES;
				CLANG_WARN_INT_CONVERSION = YES;
				CLANG_WARN_NON_LITERAL_NULL_CONVERSION = YES;
				CLANG_WARN_OBJC_IMPLICIT_RETAIN_SELF = YES;
				CLANG_WARN_OBJC_LITERAL_CONVERSION = YES;
				CLANG_WARN_OBJC_ROOT_CLASS = YES_ERROR;
				CLANG_WARN_QUOTED_INCLUDE_IN_FRAMEWORK_HEADER = YES;
				CLANG_WARN_RANGE_LOOP_ANALYSIS = YES;
				CLANG_WARN_STRICT_PROTOTYPES = YES;
				CLANG_WARN_SUSPICIOUS_MOVE = YES;
				CLANG_WARN_UNGUARDED_AVAILABILITY = YES_AGGRESSIVE;
				CLANG_WARN_UNREACHABLE_CODE = YES;
				CLANG_WARN__DUPLICATE_METHOD_MATCH = YES;
				COPY_PHASE_STRIP = NO;
				DEBUG_INFORMATION_FORMAT = dwarf;
				ENABLE_STRICT_OBJC_MSGSEND = YES;
				ENABLE_TESTABILITY = YES;
				GCC_C_LANGUAGE_STANDARD = gnu11;
				GCC_DYNAMIC_NO_PIC = NO;
				GCC_NO_COMMON_BLOCKS = YES;
				GCC_OPTIMIZATION_LEVEL = 0;
				GCC_PREPROCESSOR_DEFINITIONS = (
					"DEBUG=1",
					"$(inherited)",
				);
				GCC_WARN_64_TO_32_BIT_CONVERSION = YES;
				GCC_WARN_ABOUT_RETURN_TYPE = YES_ERROR;
				GCC_WARN_UNDECLARED_SELECTOR = YES;
				GCC_WARN_UNINITIALIZED_AUTOS = YES_AGGRESSIVE;
				GCC_WARN_UNUSED_FUNCTION = YES;
				GCC_WARN_UNUSED_VARIABLE = YES;
				IPHONEOS_DEPLOYMENT_TARGET = 16.0;
				MTL_ENABLE_DEBUG_INFO = INCLUDE_SOURCE;
				MTL_FAST_MATH = YES;
				ONLY_ACTIVE_ARCH = YES;
				SDKROOT = iphoneos;
				SWIFT_ACTIVE_COMPILATION_CONDITIONS = DEBUG;
				SWIFT_OPTIMIZATION_LEVEL = "-Onone";
			};
			name = Debug;
		};
		0DB11F6328DF629B00B51F33 /* Release */ = {
			isa = XCBuildConfiguration;
			buildSettings = {
				ALWAYS_SEARCH_USER_PATHS = NO;
				CLANG_ANALYZER_NONNULL = YES;
				CLANG_ANALYZER_NUMBER_OBJECT_CONVERSION = YES_AGGRESSIVE;
				CLANG_CXX_LANGUAGE_STANDARD = "gnu++20";
				CLANG_ENABLE_MODULES = YES;
				CLANG_ENABLE_OBJC_ARC = YES;
				CLANG_ENABLE_OBJC_WEAK = YES;
				CLANG_WARN_BLOCK_CAPTURE_AUTORELEASING = YES;
				CLANG_WARN_BOOL_CONVERSION = YES;
				CLANG_WARN_COMMA = YES;
				CLANG_WARN_CONSTANT_CONVERSION = YES;
				CLANG_WARN_DEPRECATED_OBJC_IMPLEMENTATIONS = YES;
				CLANG_WARN_DIRECT_OBJC_ISA_USAGE = YES_ERROR;
				CLANG_WARN_DOCUMENTATION_COMMENTS = YES;
				CLANG_WARN_EMPTY_BODY = YES;
				CLANG_WARN_ENUM_CONVERSION = YES;
				CLANG_WARN_INFINITE_RECURSION = YES;
				CLANG_WARN_INT_CONVERSION = YES;
				CLANG_WARN_NON_LITERAL_NULL_CONVERSION = YES;
				CLANG_WARN_OBJC_IMPLICIT_RETAIN_SELF = YES;
				CLANG_WARN_OBJC_LITERAL_CONVERSION = YES;
				CLANG_WARN_OBJC_ROOT_CLASS = YES_ERROR;
				CLANG_WARN_QUOTED_INCLUDE_IN_FRAMEWORK_HEADER = YES;
				CLANG_WARN_RANGE_LOOP_ANALYSIS = YES;
				CLANG_WARN_STRICT_PROTOTYPES = YES;
				CLANG_WARN_SUSPICIOUS_MOVE = YES;
				CLANG_WARN_UNGUARDED_AVAILABILITY = YES_AGGRESSIVE;
				CLANG_WARN_UNREACHABLE_CODE = YES;
				CLANG_WARN__DUPLICATE_METHOD_MATCH = YES;
				COPY_PHASE_STRIP = NO;
				DEBUG_INFORMATION_FORMAT = "dwarf-with-dsym";
				ENABLE_NS_ASSERTIONS = NO;
				ENABLE_STRICT_OBJC_MSGSEND = YES;
				GCC_C_LANGUAGE_STANDARD = gnu11;
				GCC_NO_COMMON_BLOCKS = YES;
				GCC_WARN_64_TO_32_BIT_CONVERSION = YES;
				GCC_WARN_ABOUT_RETURN_TYPE = YES_ERROR;
				GCC_WARN_UNDECLARED_SELECTOR = YES;
				GCC_WARN_UNINITIALIZED_AUTOS = YES_AGGRESSIVE;
				GCC_WARN_UNUSED_FUNCTION = YES;
				GCC_WARN_UNUSED_VARIABLE = YES;
				IPHONEOS_DEPLOYMENT_TARGET = 16.0;
				MTL_ENABLE_DEBUG_INFO = NO;
				MTL_FAST_MATH = YES;
				SDKROOT = iphoneos;
				SWIFT_COMPILATION_MODE = wholemodule;
				SWIFT_OPTIMIZATION_LEVEL = "-O";
				VALIDATE_PRODUCT = YES;
			};
			name = Release;
		};
		0DB11F6528DF629B00B51F33 /* Debug */ = {
			isa = XCBuildConfiguration;
			buildSettings = {
				ASSETCATALOG_COMPILER_APPICON_NAME = AppIcon;
				ASSETCATALOG_COMPILER_GLOBAL_ACCENT_COLOR_NAME = AccentColor;
				CODE_SIGN_STYLE = Automatic;
				CURRENT_PROJECT_VERSION = 1;
				DEVELOPMENT_TEAM = SCPHB7KEGH;
				GENERATE_INFOPLIST_FILE = YES;
				INFOPLIST_FILE = Cocktailsy/Info.plist;
				INFOPLIST_KEY_UIApplicationSupportsIndirectInputEvents = YES;
				INFOPLIST_KEY_UILaunchStoryboardName = LaunchScreen;
				INFOPLIST_KEY_UISupportedInterfaceOrientations = UIInterfaceOrientationPortrait;
				INFOPLIST_KEY_UISupportedInterfaceOrientations_iPad = "UIInterfaceOrientationLandscapeLeft UIInterfaceOrientationLandscapeRight UIInterfaceOrientationPortrait UIInterfaceOrientationPortraitUpsideDown";
				LD_RUNPATH_SEARCH_PATHS = (
					"$(inherited)",
					"@executable_path/Frameworks",
				);
				MARKETING_VERSION = 1.0;
				PRODUCT_BUNDLE_IDENTIFIER = "th-zsolt.Cocktailsy";
				PRODUCT_NAME = "$(TARGET_NAME)";
				SUPPORTED_PLATFORMS = "iphoneos iphonesimulator";
				SUPPORTS_MACCATALYST = NO;
				SUPPORTS_MAC_DESIGNED_FOR_IPHONE_IPAD = NO;
				SWIFT_EMIT_LOC_STRINGS = YES;
				SWIFT_VERSION = 5.0;
				TARGETED_DEVICE_FAMILY = 1;
			};
			name = Debug;
		};
		0DB11F6628DF629B00B51F33 /* Release */ = {
			isa = XCBuildConfiguration;
			buildSettings = {
				ASSETCATALOG_COMPILER_APPICON_NAME = AppIcon;
				ASSETCATALOG_COMPILER_GLOBAL_ACCENT_COLOR_NAME = AccentColor;
				CODE_SIGN_STYLE = Automatic;
				CURRENT_PROJECT_VERSION = 1;
				DEVELOPMENT_TEAM = SCPHB7KEGH;
				GENERATE_INFOPLIST_FILE = YES;
				INFOPLIST_FILE = Cocktailsy/Info.plist;
				INFOPLIST_KEY_UIApplicationSupportsIndirectInputEvents = YES;
				INFOPLIST_KEY_UILaunchStoryboardName = LaunchScreen;
				INFOPLIST_KEY_UISupportedInterfaceOrientations = UIInterfaceOrientationPortrait;
				INFOPLIST_KEY_UISupportedInterfaceOrientations_iPad = "UIInterfaceOrientationLandscapeLeft UIInterfaceOrientationLandscapeRight UIInterfaceOrientationPortrait UIInterfaceOrientationPortraitUpsideDown";
				LD_RUNPATH_SEARCH_PATHS = (
					"$(inherited)",
					"@executable_path/Frameworks",
				);
				MARKETING_VERSION = 1.0;
				PRODUCT_BUNDLE_IDENTIFIER = "th-zsolt.Cocktailsy";
				PRODUCT_NAME = "$(TARGET_NAME)";
				SUPPORTED_PLATFORMS = "iphoneos iphonesimulator";
				SUPPORTS_MACCATALYST = NO;
				SUPPORTS_MAC_DESIGNED_FOR_IPHONE_IPAD = NO;
				SWIFT_EMIT_LOC_STRINGS = YES;
				SWIFT_VERSION = 5.0;
				TARGETED_DEVICE_FAMILY = 1;
			};
			name = Release;
		};
/* End XCBuildConfiguration section */

/* Begin XCConfigurationList section */
		0DB11F4B28DF629A00B51F33 /* Build configuration list for PBXProject "Cocktailsy" */ = {
			isa = XCConfigurationList;
			buildConfigurations = (
				0DB11F6228DF629B00B51F33 /* Debug */,
				0DB11F6328DF629B00B51F33 /* Release */,
			);
			defaultConfigurationIsVisible = 0;
			defaultConfigurationName = Release;
		};
		0DB11F6428DF629B00B51F33 /* Build configuration list for PBXNativeTarget "Cocktailsy" */ = {
			isa = XCConfigurationList;
			buildConfigurations = (
				0DB11F6528DF629B00B51F33 /* Debug */,
				0DB11F6628DF629B00B51F33 /* Release */,
			);
			defaultConfigurationIsVisible = 0;
			defaultConfigurationName = Release;
		};
/* End XCConfigurationList section */
	};
	rootObject = 0DB11F4828DF629A00B51F33 /* Project object */;
}
